
Microsoft Visual Studio Solution File, Format Version 12.00
# Visual Studio Version 16
VisualStudioVersion = 16.0.30517.126
MinimumVisualStudioVersion = 10.0.40219.1
Project("{9A19103F-16F7-4668-BE54-9A1E7A4F7556}") = "Location.Api", "Location.Api\Location.Api.csproj", "{B92D4444-403A-4242-9232-2A6677ABA5C0}"
EndProject
Project("{FAE04EC0-301F-11D3-BF4B-00C04F79EFBC}") = "Location.Models", "Location.Models\Location.Models.csproj", "{B0C5819E-278B-4FDC-90FE-1411649F9FD6}"
EndProject
Project("{FAE04EC0-301F-11D3-BF4B-00C04F79EFBC}") = "Location.Worker", "Location.Worker\Location.Worker.csproj", "{11B3E2AE-C493-4F84-B6AB-1EAF29BE9796}"
EndProject
Global
	GlobalSection(SolutionConfigurationPlatforms) = preSolution
		Debug|Any CPU = Debug|Any CPU
		Release|Any CPU = Release|Any CPU
	EndGlobalSection
	GlobalSection(ProjectConfigurationPlatforms) = postSolution
		{B92D4444-403A-4242-9232-2A6677ABA5C0}.Debug|Any CPU.ActiveCfg = Debug|Any CPU
		{B92D4444-403A-4242-9232-2A6677ABA5C0}.Debug|Any CPU.Build.0 = Debug|Any CPU
		{B92D4444-403A-4242-9232-2A6677ABA5C0}.Release|Any CPU.ActiveCfg = Release|Any CPU
		{B92D4444-403A-4242-9232-2A6677ABA5C0}.Release|Any CPU.Build.0 = Release|Any CPU
		{B0C5819E-278B-4FDC-90FE-1411649F9FD6}.Debug|Any CPU.ActiveCfg = Debug|Any CPU
		{B0C5819E-278B-4FDC-90FE-1411649F9FD6}.Debug|Any CPU.Build.0 = Debug|Any CPU
		{B0C5819E-278B-4FDC-90FE-1411649F9FD6}.Release|Any CPU.ActiveCfg = Release|Any CPU
		{B0C5819E-278B-4FDC-90FE-1411649F9FD6}.Release|Any CPU.Build.0 = Release|Any CPU
		{11B3E2AE-C493-4F84-B6AB-1EAF29BE9796}.Debug|Any CPU.ActiveCfg = Debug|Any CPU
		{11B3E2AE-C493-4F84-B6AB-1EAF29BE9796}.Debug|Any CPU.Build.0 = Debug|Any CPU
		{11B3E2AE-C493-4F84-B6AB-1EAF29BE9796}.Release|Any CPU.ActiveCfg = Release|Any CPU
		{11B3E2AE-C493-4F84-B6AB-1EAF29BE9796}.Release|Any CPU.Build.0 = Release|Any CPU
	EndGlobalSection
	GlobalSection(SolutionProperties) = preSolution
		HideSolutionNode = FALSE
	EndGlobalSection
	GlobalSection(ExtensibilityGlobals) = postSolution
		SolutionGuid = {D9D9929B-402A-4B5D-A712-8A681AB87936}
	EndGlobalSection
EndGlobal
